{
  "nodes": {
    "flake-utils": {
      "inputs": {
        "systems": "systems"
      },
      "locked": {
        "lastModified": 1694529238,
        "narHash": "sha256-zsNZZGTGnMOf9YpHKJqMSsa0dXbfmxeoJ7xHlrt+xmY=",
        "owner": "numtide",
        "repo": "flake-utils",
        "rev": "ff7b65b44d01cf9ba6a71320833626af21126384",
        "type": "github"
      },
      "original": {
        "owner": "numtide",
        "repo": "flake-utils",
        "type": "github"
      }
    },
    "nix-darwin": {
      "inputs": {
        "nixpkgs": [
          "nixpkgs"
        ]
      },
      "locked": {
        "lastModified": 1709001452,
        "narHash": "sha256-FnZ54wkil54hKvr1irdKic1TE27lHQI9dKQmOJRrtlU=",
        "owner": "LnL7",
        "repo": "nix-darwin",
        "rev": "6c06334f0843c7300d1678726bb607ce526f6b36",
        "type": "github"
      },
      "original": {
        "owner": "LnL7",
        "repo": "nix-darwin",
        "type": "github"
      }
    },
    "nixpkgs": {
      "locked": {
        "lastModified": 1708943256,
        "narHash": "sha256-K9VeHrhXsigdhNMZ8hqAk7jtRy4ollqhkYYNZqbfssg=",
        "owner": "NixOS",
        "repo": "nixpkgs",
        "rev": "fcea2b6260dd566c28c894b4207a5f2b56c2cba3",
        "type": "github"
      },
      "original": {
        "owner": "NixOS",
        "ref": "nixpkgs-unstable",
        "repo": "nixpkgs",
        "type": "github"
      }
    },
    "nvimconf": {
      "inputs": {
        "flake-utils": "flake-utils",
        "nixpkgs": [
          "nixpkgs"
        ]
      },
      "locked": {
        "lastModified": 1701049837,
        "narHash": "sha256-J2V2nnvg68XlOV3yMMQNVQPew+9nvy6v9h1YpqrwVvk=",
        "owner": "r-k-b",
        "repo": "nvimconf",
        "rev": "b5b5809028500cba811854b024960897b4efea84",
        "type": "github"
      },
      "original": {
        "owner": "r-k-b",
        "repo": "nvimconf",
        "type": "github"
      }
    },
    "root": {
      "inputs": {
        "nix-darwin": "nix-darwin",
        "nixpkgs": "nixpkgs",
        "nvimconf": "nvimconf"
      }
    },
    "systems": {
      "locked": {
        "lastModified": 1681028828,
        "narHash": "sha256-Vy1rq5AaRuLzOxct8nz4T6wlgyUR7zLU309k9mBC768=",
        "owner": "nix-systems",
        "repo": "default",
        "rev": "da67096a3b9bf56a91d16901293e51ba5b49a27e",
        "type": "github"
      },
      "original": {
        "owner": "nix-systems",
        "repo": "default",
        "type": "github"
      }
    }
  },
  "root": "root",
  "version": 7
}
